
Microsoft Visual Studio Solution File, Format Version 12.00
# Visual Studio 15
VisualStudioVersion = 15.0.26430.16
MinimumVisualStudioVersion = 10.0.40219.1
Project("{FAE04EC0-301F-11D3-BF4B-00C04F79EFBC}") = "PS.Learning.Social", "Social\PS.Learning.Social.csproj", "{977CA998-47E3-4E8E-B57E-090F22F0BEB6}"
EndProject
Project("{FAE04EC0-301F-11D3-BF4B-00C04F79EFBC}") = "PS.Learning.IMRL.Emotions", "Emotions\PS.Learning.IMRL.Emotions.csproj", "{46504CB7-1614-4386-9F42-0C3C898DE6FD}"
EndProject
Project("{FAE04EC0-301F-11D3-BF4B-00C04F79EFBC}") = "PS.Learning.IMRL", "IMRL\PS.Learning.IMRL.csproj", "{5277A686-21DD-4B14-9F1D-54C1F2BFCF0C}"
EndProject
Project("{FAE04EC0-301F-11D3-BF4B-00C04F79EFBC}") = "PS.Learning.Tests.EmotionalOptimization", "Tests\EmotionalOptimization\PS.Learning.Tests.EmotionalOptimization.csproj", "{35CF2509-FF9A-43DB-B4FD-A46225D2AC41}"
EndProject
Project("{FAE04EC0-301F-11D3-BF4B-00C04F79EFBC}") = "PS.Learning.Utils.EnvironmentEditor", "Utils\EnvironmentEditor\PS.Learning.Utils.EnvironmentEditor.csproj", "{BF62F7CB-75F4-495D-B06E-C65B77AF4C81}"
EndProject
Project("{FAE04EC0-301F-11D3-BF4B-00C04F79EFBC}") = "PS.Learning.Core", "Core\PS.Learning.Core.csproj", "{BC34D436-05BC-4AC1-9DF0-616DDD2EB9EF}"
EndProject
Project("{FAE04EC0-301F-11D3-BF4B-00C04F79EFBC}") = "PS.Learning.Social.IMRL", "Social.IMRL\PS.Learning.Social.IMRL.csproj", "{254F2A87-E8CE-47E8-ABFA-A1270F6DA95C}"
EndProject
Project("{FAE04EC0-301F-11D3-BF4B-00C04F79EFBC}") = "PS.Learning.Tests.RewardFunctionGPOptimization", "Tests\RewardFunctionGPOptimization\PS.Learning.Tests.RewardFunctionGPOptimization.csproj", "{50171F06-A01D-4D6F-ADFB-B7A11B27D125}"
EndProject
Project("{FAE04EC0-301F-11D3-BF4B-00C04F79EFBC}") = "PS.Learning.Forms", "Forms\PS.Learning.Forms.csproj", "{816E9695-0C0F-41BF-8D05-A5FF1BB2BF67}"
EndProject
Project("{FAE04EC0-301F-11D3-BF4B-00C04F79EFBC}") = "PS.Utilities.Core", "..\PS.Utilities\Core\PS.Utilities.Core.csproj", "{991CE2B9-9AE4-4F1E-9EB8-849E894349C0}"
EndProject
Project("{FAE04EC0-301F-11D3-BF4B-00C04F79EFBC}") = "PS.Utilities.IO", "..\PS.Utilities\IO\PS.Utilities.IO.csproj", "{28421794-137A-4E51-96B3-1972CC5D9945}"
EndProject
Project("{FAE04EC0-301F-11D3-BF4B-00C04F79EFBC}") = "PS.Utilities.Math", "..\PS.Utilities\Math\PS.Utilities.Math.csproj", "{F909EFD6-17DA-4836-9349-17924FB5AC88}"
EndProject
Project("{FAE04EC0-301F-11D3-BF4B-00C04F79EFBC}") = "PS.Utilities.Collections", "..\PS.Utilities\Collections\PS.Utilities.Collections.csproj", "{C85C22C5-260E-47DD-A44B-E59B1DC23099}"
EndProject
Project("{FAE04EC0-301F-11D3-BF4B-00C04F79EFBC}") = "PS.Utilities.Forms", "..\PS.Utilities\Forms\PS.Utilities.Forms.csproj", "{188B1A0D-E65E-4C0C-9EFC-6928B06151FD}"
EndProject
Project("{FAE04EC0-301F-11D3-BF4B-00C04F79EFBC}") = "PS.Learning.EvolutionaryComputation", "EvolutionaryComputation\PS.Learning.EvolutionaryComputation.csproj", "{E9E0687E-E924-4355-9923-6BFA99638D3F}"
EndProject
Project("{FAE04EC0-301F-11D3-BF4B-00C04F79EFBC}") = "PS.Learning.IMRL.EC", "IMRL.EC\PS.Learning.IMRL.EC.csproj", "{C77FE206-A9BE-414A-8A42-78A4C711688A}"
EndProject
Project("{FAE04EC0-301F-11D3-BF4B-00C04F79EFBC}") = "PS.Learning.Social.IMRL.EC", "Social.IMRL.EC\PS.Learning.Social.IMRL.EC.csproj", "{43C0BD8F-0327-498C-BB97-CEF4766B6138}"
EndProject
Project("{FAE04EC0-301F-11D3-BF4B-00C04F79EFBC}") = "PS.Learning.Tests.AltruismGPOptimization", "Tests\AltruismGPOptimization\PS.Learning.Tests.AltruismGPOptimization.csproj", "{900BE393-91A9-4950-B6BB-5DBB3C866EA2}"
EndProject
Project("{2150E333-8FDC-42A3-9474-1A3956D46DE8}") = "Utilities", "Utilities", "{A761AE19-6471-4115-B207-ECAA54374848}"
EndProject
Project("{2150E333-8FDC-42A3-9474-1A3956D46DE8}") = "Simulations", "Simulations", "{206061A2-9AE5-4EC6-BDEC-1AD54046619F}"
EndProject
Project("{FAE04EC0-301F-11D3-BF4B-00C04F79EFBC}") = "PS.Learning.Tests.AltruismOptimization", "Tests\AltruismOptimization\PS.Learning.Tests.AltruismOptimization.csproj", "{91966698-B67E-407C-8E2B-B3BFA9EA6B31}"
EndProject
Project("{FAE04EC0-301F-11D3-BF4B-00C04F79EFBC}") = "PS.Learning.Tests.MultiRewardFunctionGPOptimization", "Tests\MultiRewardFunctionGPOptimization\PS.Learning.Tests.MultiRewardFunctionGPOptimization.csproj", "{B4200F36-10E3-4DCB-A923-0D7B005E5B32}"
EndProject
Global
	GlobalSection(SolutionConfigurationPlatforms) = preSolution
		Debug|Any CPU = Debug|Any CPU
		Debug|Mixed Platforms = Debug|Mixed Platforms
		Debug|x64 = Debug|x64
		Debug|x86 = Debug|x86
		Release|Any CPU = Release|Any CPU
		Release|Mixed Platforms = Release|Mixed Platforms
		Release|x64 = Release|x64
		Release|x86 = Release|x86
	EndGlobalSection
	GlobalSection(ProjectConfigurationPlatforms) = postSolution
		{977CA998-47E3-4E8E-B57E-090F22F0BEB6}.Debug|Any CPU.ActiveCfg = Debug|Any CPU
		{977CA998-47E3-4E8E-B57E-090F22F0BEB6}.Debug|Any CPU.Build.0 = Debug|Any CPU
		{977CA998-47E3-4E8E-B57E-090F22F0BEB6}.Debug|Mixed Platforms.ActiveCfg = Debug|x64
		{977CA998-47E3-4E8E-B57E-090F22F0BEB6}.Debug|Mixed Platforms.Build.0 = Debug|x64
		{977CA998-47E3-4E8E-B57E-090F22F0BEB6}.Debug|x64.ActiveCfg = Debug|x64
		{977CA998-47E3-4E8E-B57E-090F22F0BEB6}.Debug|x64.Build.0 = Debug|x64
		{977CA998-47E3-4E8E-B57E-090F22F0BEB6}.Debug|x86.ActiveCfg = Debug|x86
		{977CA998-47E3-4E8E-B57E-090F22F0BEB6}.Debug|x86.Build.0 = Debug|x86
		{977CA998-47E3-4E8E-B57E-090F22F0BEB6}.Release|Any CPU.ActiveCfg = Release|Any CPU
		{977CA998-47E3-4E8E-B57E-090F22F0BEB6}.Release|Any CPU.Build.0 = Release|Any CPU
		{977CA998-47E3-4E8E-B57E-090F22F0BEB6}.Release|Mixed Platforms.ActiveCfg = Release|Any CPU
		{977CA998-47E3-4E8E-B57E-090F22F0BEB6}.Release|Mixed Platforms.Build.0 = Release|Any CPU
		{977CA998-47E3-4E8E-B57E-090F22F0BEB6}.Release|x64.ActiveCfg = Release|x64
		{977CA998-47E3-4E8E-B57E-090F22F0BEB6}.Release|x64.Build.0 = Release|x64
		{977CA998-47E3-4E8E-B57E-090F22F0BEB6}.Release|x86.ActiveCfg = Release|x86
		{977CA998-47E3-4E8E-B57E-090F22F0BEB6}.Release|x86.Build.0 = Release|x86
		{46504CB7-1614-4386-9F42-0C3C898DE6FD}.Debug|Any CPU.ActiveCfg = Debug|Any CPU
		{46504CB7-1614-4386-9F42-0C3C898DE6FD}.Debug|Any CPU.Build.0 = Debug|Any CPU
		{46504CB7-1614-4386-9F42-0C3C898DE6FD}.Debug|Mixed Platforms.ActiveCfg = Debug|x64
		{46504CB7-1614-4386-9F42-0C3C898DE6FD}.Debug|Mixed Platforms.Build.0 = Debug|x64
		{46504CB7-1614-4386-9F42-0C3C898DE6FD}.Debug|x64.ActiveCfg = Debug|x64
		{46504CB7-1614-4386-9F42-0C3C898DE6FD}.Debug|x64.Build.0 = Debug|x64
		{46504CB7-1614-4386-9F42-0C3C898DE6FD}.Debug|x86.ActiveCfg = Debug|x86
		{46504CB7-1614-4386-9F42-0C3C898DE6FD}.Debug|x86.Build.0 = Debug|x86
		{46504CB7-1614-4386-9F42-0C3C898DE6FD}.Release|Any CPU.ActiveCfg = Release|Any CPU
		{46504CB7-1614-4386-9F42-0C3C898DE6FD}.Release|Any CPU.Build.0 = Release|Any CPU
		{46504CB7-1614-4386-9F42-0C3C898DE6FD}.Release|Mixed Platforms.ActiveCfg = Release|Any CPU
		{46504CB7-1614-4386-9F42-0C3C898DE6FD}.Release|Mixed Platforms.Build.0 = Release|Any CPU
		{46504CB7-1614-4386-9F42-0C3C898DE6FD}.Release|x64.ActiveCfg = Release|x64
		{46504CB7-1614-4386-9F42-0C3C898DE6FD}.Release|x64.Build.0 = Release|x64
		{46504CB7-1614-4386-9F42-0C3C898DE6FD}.Release|x86.ActiveCfg = Release|x86
		{46504CB7-1614-4386-9F42-0C3C898DE6FD}.Release|x86.Build.0 = Release|x86
		{5277A686-21DD-4B14-9F1D-54C1F2BFCF0C}.Debug|Any CPU.ActiveCfg = Debug|Any CPU
		{5277A686-21DD-4B14-9F1D-54C1F2BFCF0C}.Debug|Any CPU.Build.0 = Debug|Any CPU
		{5277A686-21DD-4B14-9F1D-54C1F2BFCF0C}.Debug|Mixed Platforms.ActiveCfg = Debug|Any CPU
		{5277A686-21DD-4B14-9F1D-54C1F2BFCF0C}.Debug|Mixed Platforms.Build.0 = Debug|Any CPU
		{5277A686-21DD-4B14-9F1D-54C1F2BFCF0C}.Debug|x64.ActiveCfg = Debug|x64
		{5277A686-21DD-4B14-9F1D-54C1F2BFCF0C}.Debug|x64.Build.0 = Debug|x64
		{5277A686-21DD-4B14-9F1D-54C1F2BFCF0C}.Debug|x86.ActiveCfg = Debug|x86
		{5277A686-21DD-4B14-9F1D-54C1F2BFCF0C}.Debug|x86.Build.0 = Debug|x86
		{5277A686-21DD-4B14-9F1D-54C1F2BFCF0C}.Release|Any CPU.ActiveCfg = Release|Any CPU
		{5277A686-21DD-4B14-9F1D-54C1F2BFCF0C}.Release|Any CPU.Build.0 = Release|Any CPU
		{5277A686-21DD-4B14-9F1D-54C1F2BFCF0C}.Release|Mixed Platforms.ActiveCfg = Release|Any CPU
		{5277A686-21DD-4B14-9F1D-54C1F2BFCF0C}.Release|Mixed Platforms.Build.0 = Release|Any CPU
		{5277A686-21DD-4B14-9F1D-54C1F2BFCF0C}.Release|x64.ActiveCfg = Release|x64
		{5277A686-21DD-4B14-9F1D-54C1F2BFCF0C}.Release|x64.Build.0 = Release|x64
		{5277A686-21DD-4B14-9F1D-54C1F2BFCF0C}.Release|x86.ActiveCfg = Release|x86
		{5277A686-21DD-4B14-9F1D-54C1F2BFCF0C}.Release|x86.Build.0 = Release|x86
		{35CF2509-FF9A-43DB-B4FD-A46225D2AC41}.Debug|Any CPU.ActiveCfg = Debug|Any CPU
		{35CF2509-FF9A-43DB-B4FD-A46225D2AC41}.Debug|Any CPU.Build.0 = Debug|Any CPU
		{35CF2509-FF9A-43DB-B4FD-A46225D2AC41}.Debug|Mixed Platforms.ActiveCfg = Debug|x64
		{35CF2509-FF9A-43DB-B4FD-A46225D2AC41}.Debug|Mixed Platforms.Build.0 = Debug|x64
		{35CF2509-FF9A-43DB-B4FD-A46225D2AC41}.Debug|x64.ActiveCfg = Debug|x64
		{35CF2509-FF9A-43DB-B4FD-A46225D2AC41}.Debug|x64.Build.0 = Debug|x64
		{35CF2509-FF9A-43DB-B4FD-A46225D2AC41}.Debug|x86.ActiveCfg = Debug|x86
		{35CF2509-FF9A-43DB-B4FD-A46225D2AC41}.Debug|x86.Build.0 = Debug|x86
		{35CF2509-FF9A-43DB-B4FD-A46225D2AC41}.Release|Any CPU.ActiveCfg = Release|Any CPU
		{35CF2509-FF9A-43DB-B4FD-A46225D2AC41}.Release|Any CPU.Build.0 = Release|Any CPU
		{35CF2509-FF9A-43DB-B4FD-A46225D2AC41}.Release|Mixed Platforms.ActiveCfg = Release|x64
		{35CF2509-FF9A-43DB-B4FD-A46225D2AC41}.Release|Mixed Platforms.Build.0 = Release|x64
		{35CF2509-FF9A-43DB-B4FD-A46225D2AC41}.Release|x64.ActiveCfg = Release|x64
		{35CF2509-FF9A-43DB-B4FD-A46225D2AC41}.Release|x64.Build.0 = Release|x64
		{35CF2509-FF9A-43DB-B4FD-A46225D2AC41}.Release|x86.ActiveCfg = Release|x86
		{35CF2509-FF9A-43DB-B4FD-A46225D2AC41}.Release|x86.Build.0 = Release|x86
		{BF62F7CB-75F4-495D-B06E-C65B77AF4C81}.Debug|Any CPU.ActiveCfg = Debug|Any CPU
		{BF62F7CB-75F4-495D-B06E-C65B77AF4C81}.Debug|Any CPU.Build.0 = Debug|Any CPU
		{BF62F7CB-75F4-495D-B06E-C65B77AF4C81}.Debug|Mixed Platforms.ActiveCfg = Debug|x86
		{BF62F7CB-75F4-495D-B06E-C65B77AF4C81}.Debug|Mixed Platforms.Build.0 = Debug|x86
		{BF62F7CB-75F4-495D-B06E-C65B77AF4C81}.Debug|x64.ActiveCfg = Debug|x64
		{BF62F7CB-75F4-495D-B06E-C65B77AF4C81}.Debug|x64.Build.0 = Debug|x64
		{BF62F7CB-75F4-495D-B06E-C65B77AF4C81}.Debug|x86.ActiveCfg = Debug|x86
		{BF62F7CB-75F4-495D-B06E-C65B77AF4C81}.Debug|x86.Build.0 = Debug|x86
		{BF62F7CB-75F4-495D-B06E-C65B77AF4C81}.Release|Any CPU.ActiveCfg = Release|Any CPU
		{BF62F7CB-75F4-495D-B06E-C65B77AF4C81}.Release|Any CPU.Build.0 = Release|Any CPU
		{BF62F7CB-75F4-495D-B06E-C65B77AF4C81}.Release|Mixed Platforms.ActiveCfg = Release|x86
		{BF62F7CB-75F4-495D-B06E-C65B77AF4C81}.Release|Mixed Platforms.Build.0 = Release|x86
		{BF62F7CB-75F4-495D-B06E-C65B77AF4C81}.Release|x64.ActiveCfg = Release|x64
		{BF62F7CB-75F4-495D-B06E-C65B77AF4C81}.Release|x64.Build.0 = Release|x64
		{BF62F7CB-75F4-495D-B06E-C65B77AF4C81}.Release|x86.ActiveCfg = Release|x86
		{BF62F7CB-75F4-495D-B06E-C65B77AF4C81}.Release|x86.Build.0 = Release|x86
		{BC34D436-05BC-4AC1-9DF0-616DDD2EB9EF}.Debug|Any CPU.ActiveCfg = Debug|Any CPU
		{BC34D436-05BC-4AC1-9DF0-616DDD2EB9EF}.Debug|Any CPU.Build.0 = Debug|Any CPU
		{BC34D436-05BC-4AC1-9DF0-616DDD2EB9EF}.Debug|Mixed Platforms.ActiveCfg = Debug|x64
		{BC34D436-05BC-4AC1-9DF0-616DDD2EB9EF}.Debug|Mixed Platforms.Build.0 = Debug|x64
		{BC34D436-05BC-4AC1-9DF0-616DDD2EB9EF}.Debug|x64.ActiveCfg = Debug|x64
		{BC34D436-05BC-4AC1-9DF0-616DDD2EB9EF}.Debug|x64.Build.0 = Debug|x64
		{BC34D436-05BC-4AC1-9DF0-616DDD2EB9EF}.Debug|x86.ActiveCfg = Debug|x86
		{BC34D436-05BC-4AC1-9DF0-616DDD2EB9EF}.Debug|x86.Build.0 = Debug|x86
		{BC34D436-05BC-4AC1-9DF0-616DDD2EB9EF}.Release|Any CPU.ActiveCfg = Release|Any CPU
		{BC34D436-05BC-4AC1-9DF0-616DDD2EB9EF}.Release|Any CPU.Build.0 = Release|Any CPU
		{BC34D436-05BC-4AC1-9DF0-616DDD2EB9EF}.Release|Mixed Platforms.ActiveCfg = Release|x64
		{BC34D436-05BC-4AC1-9DF0-616DDD2EB9EF}.Release|Mixed Platforms.Build.0 = Release|x64
		{BC34D436-05BC-4AC1-9DF0-616DDD2EB9EF}.Release|x64.ActiveCfg = Release|x64
		{BC34D436-05BC-4AC1-9DF0-616DDD2EB9EF}.Release|x64.Build.0 = Release|x64
		{BC34D436-05BC-4AC1-9DF0-616DDD2EB9EF}.Release|x86.ActiveCfg = Release|x86
		{BC34D436-05BC-4AC1-9DF0-616DDD2EB9EF}.Release|x86.Build.0 = Release|x86
		{254F2A87-E8CE-47E8-ABFA-A1270F6DA95C}.Debug|Any CPU.ActiveCfg = Debug|Any CPU
		{254F2A87-E8CE-47E8-ABFA-A1270F6DA95C}.Debug|Any CPU.Build.0 = Debug|Any CPU
		{254F2A87-E8CE-47E8-ABFA-A1270F6DA95C}.Debug|Mixed Platforms.ActiveCfg = Debug|x86
		{254F2A87-E8CE-47E8-ABFA-A1270F6DA95C}.Debug|Mixed Platforms.Build.0 = Debug|x86
		{254F2A87-E8CE-47E8-ABFA-A1270F6DA95C}.Debug|x64.ActiveCfg = Debug|x64
		{254F2A87-E8CE-47E8-ABFA-A1270F6DA95C}.Debug|x64.Build.0 = Debug|x64
		{254F2A87-E8CE-47E8-ABFA-A1270F6DA95C}.Debug|x86.ActiveCfg = Debug|x86
		{254F2A87-E8CE-47E8-ABFA-A1270F6DA95C}.Debug|x86.Build.0 = Debug|x86
		{254F2A87-E8CE-47E8-ABFA-A1270F6DA95C}.Release|Any CPU.ActiveCfg = Release|Any CPU
		{254F2A87-E8CE-47E8-ABFA-A1270F6DA95C}.Release|Any CPU.Build.0 = Release|Any CPU
		{254F2A87-E8CE-47E8-ABFA-A1270F6DA95C}.Release|Mixed Platforms.ActiveCfg = Release|x86
		{254F2A87-E8CE-47E8-ABFA-A1270F6DA95C}.Release|Mixed Platforms.Build.0 = Release|x86
		{254F2A87-E8CE-47E8-ABFA-A1270F6DA95C}.Release|x64.ActiveCfg = Release|x64
		{254F2A87-E8CE-47E8-ABFA-A1270F6DA95C}.Release|x64.Build.0 = Release|x64
		{254F2A87-E8CE-47E8-ABFA-A1270F6DA95C}.Release|x86.ActiveCfg = Release|x86
		{254F2A87-E8CE-47E8-ABFA-A1270F6DA95C}.Release|x86.Build.0 = Release|x86
		{50171F06-A01D-4D6F-ADFB-B7A11B27D125}.Debug|Any CPU.ActiveCfg = Debug|Any CPU
		{50171F06-A01D-4D6F-ADFB-B7A11B27D125}.Debug|Any CPU.Build.0 = Debug|Any CPU
		{50171F06-A01D-4D6F-ADFB-B7A11B27D125}.Debug|Mixed Platforms.ActiveCfg = Debug|x86
		{50171F06-A01D-4D6F-ADFB-B7A11B27D125}.Debug|Mixed Platforms.Build.0 = Debug|x86
		{50171F06-A01D-4D6F-ADFB-B7A11B27D125}.Debug|x64.ActiveCfg = Debug|x64
		{50171F06-A01D-4D6F-ADFB-B7A11B27D125}.Debug|x64.Build.0 = Debug|x64
		{50171F06-A01D-4D6F-ADFB-B7A11B27D125}.Debug|x86.ActiveCfg = Debug|x86
		{50171F06-A01D-4D6F-ADFB-B7A11B27D125}.Debug|x86.Build.0 = Debug|x86
		{50171F06-A01D-4D6F-ADFB-B7A11B27D125}.Release|Any CPU.ActiveCfg = Release|Any CPU
		{50171F06-A01D-4D6F-ADFB-B7A11B27D125}.Release|Any CPU.Build.0 = Release|Any CPU
		{50171F06-A01D-4D6F-ADFB-B7A11B27D125}.Release|Mixed Platforms.ActiveCfg = Release|x86
		{50171F06-A01D-4D6F-ADFB-B7A11B27D125}.Release|Mixed Platforms.Build.0 = Release|x86
		{50171F06-A01D-4D6F-ADFB-B7A11B27D125}.Release|x64.ActiveCfg = Release|x64
		{50171F06-A01D-4D6F-ADFB-B7A11B27D125}.Release|x64.Build.0 = Release|x64
		{50171F06-A01D-4D6F-ADFB-B7A11B27D125}.Release|x86.ActiveCfg = Release|x86
		{50171F06-A01D-4D6F-ADFB-B7A11B27D125}.Release|x86.Build.0 = Release|x86
		{816E9695-0C0F-41BF-8D05-A5FF1BB2BF67}.Debug|Any CPU.ActiveCfg = Debug|Any CPU
		{816E9695-0C0F-41BF-8D05-A5FF1BB2BF67}.Debug|Any CPU.Build.0 = Debug|Any CPU
		{816E9695-0C0F-41BF-8D05-A5FF1BB2BF67}.Debug|Mixed Platforms.ActiveCfg = Debug|Any CPU
		{816E9695-0C0F-41BF-8D05-A5FF1BB2BF67}.Debug|Mixed Platforms.Build.0 = Debug|Any CPU
		{816E9695-0C0F-41BF-8D05-A5FF1BB2BF67}.Debug|x64.ActiveCfg = Debug|x64
		{816E9695-0C0F-41BF-8D05-A5FF1BB2BF67}.Debug|x64.Build.0 = Debug|x64
		{816E9695-0C0F-41BF-8D05-A5FF1BB2BF67}.Debug|x86.ActiveCfg = Debug|x86
		{816E9695-0C0F-41BF-8D05-A5FF1BB2BF67}.Debug|x86.Build.0 = Debug|x86
		{816E9695-0C0F-41BF-8D05-A5FF1BB2BF67}.Release|Any CPU.ActiveCfg = Release|Any CPU
		{816E9695-0C0F-41BF-8D05-A5FF1BB2BF67}.Release|Any CPU.Build.0 = Release|Any CPU
		{816E9695-0C0F-41BF-8D05-A5FF1BB2BF67}.Release|Mixed Platforms.ActiveCfg = Release|Any CPU
		{816E9695-0C0F-41BF-8D05-A5FF1BB2BF67}.Release|Mixed Platforms.Build.0 = Release|Any CPU
		{816E9695-0C0F-41BF-8D05-A5FF1BB2BF67}.Release|x64.ActiveCfg = Release|x64
		{816E9695-0C0F-41BF-8D05-A5FF1BB2BF67}.Release|x64.Build.0 = Release|x64
		{816E9695-0C0F-41BF-8D05-A5FF1BB2BF67}.Release|x86.ActiveCfg = Release|x86
		{816E9695-0C0F-41BF-8D05-A5FF1BB2BF67}.Release|x86.Build.0 = Release|x86
		{991CE2B9-9AE4-4F1E-9EB8-849E894349C0}.Debug|Any CPU.ActiveCfg = Debug|Any CPU
		{991CE2B9-9AE4-4F1E-9EB8-849E894349C0}.Debug|Any CPU.Build.0 = Debug|Any CPU
		{991CE2B9-9AE4-4F1E-9EB8-849E894349C0}.Debug|Mixed Platforms.ActiveCfg = Debug|x86
		{991CE2B9-9AE4-4F1E-9EB8-849E894349C0}.Debug|Mixed Platforms.Build.0 = Debug|x86
		{991CE2B9-9AE4-4F1E-9EB8-849E894349C0}.Debug|x64.ActiveCfg = Debug|x64
		{991CE2B9-9AE4-4F1E-9EB8-849E894349C0}.Debug|x64.Build.0 = Debug|x64
		{991CE2B9-9AE4-4F1E-9EB8-849E894349C0}.Debug|x86.ActiveCfg = Debug|x86
		{991CE2B9-9AE4-4F1E-9EB8-849E894349C0}.Debug|x86.Build.0 = Debug|x86
		{991CE2B9-9AE4-4F1E-9EB8-849E894349C0}.Release|Any CPU.ActiveCfg = Release|Any CPU
		{991CE2B9-9AE4-4F1E-9EB8-849E894349C0}.Release|Any CPU.Build.0 = Release|Any CPU
		{991CE2B9-9AE4-4F1E-9EB8-849E894349C0}.Release|Mixed Platforms.ActiveCfg = Release|x86
		{991CE2B9-9AE4-4F1E-9EB8-849E894349C0}.Release|Mixed Platforms.Build.0 = Release|x86
		{991CE2B9-9AE4-4F1E-9EB8-849E894349C0}.Release|x64.ActiveCfg = Release|x64
		{991CE2B9-9AE4-4F1E-9EB8-849E894349C0}.Release|x64.Build.0 = Release|x64
		{991CE2B9-9AE4-4F1E-9EB8-849E894349C0}.Release|x64.Deploy.0 = Release|x64
		{991CE2B9-9AE4-4F1E-9EB8-849E894349C0}.Release|x86.ActiveCfg = Release|x86
		{991CE2B9-9AE4-4F1E-9EB8-849E894349C0}.Release|x86.Build.0 = Release|x86
		{28421794-137A-4E51-96B3-1972CC5D9945}.Debug|Any CPU.ActiveCfg = Debug|Any CPU
		{28421794-137A-4E51-96B3-1972CC5D9945}.Debug|Any CPU.Build.0 = Debug|Any CPU
		{28421794-137A-4E51-96B3-1972CC5D9945}.Debug|Mixed Platforms.ActiveCfg = Debug|Any CPU
		{28421794-137A-4E51-96B3-1972CC5D9945}.Debug|Mixed Platforms.Build.0 = Debug|Any CPU
		{28421794-137A-4E51-96B3-1972CC5D9945}.Debug|x64.ActiveCfg = Debug|x64
		{28421794-137A-4E51-96B3-1972CC5D9945}.Debug|x64.Build.0 = Debug|x64
		{28421794-137A-4E51-96B3-1972CC5D9945}.Debug|x86.ActiveCfg = Debug|x86
		{28421794-137A-4E51-96B3-1972CC5D9945}.Debug|x86.Build.0 = Debug|x86
		{28421794-137A-4E51-96B3-1972CC5D9945}.Release|Any CPU.ActiveCfg = Release|Any CPU
		{28421794-137A-4E51-96B3-1972CC5D9945}.Release|Any CPU.Build.0 = Release|Any CPU
		{28421794-137A-4E51-96B3-1972CC5D9945}.Release|Mixed Platforms.ActiveCfg = Release|Any CPU
		{28421794-137A-4E51-96B3-1972CC5D9945}.Release|Mixed Platforms.Build.0 = Release|Any CPU
		{28421794-137A-4E51-96B3-1972CC5D9945}.Release|x64.ActiveCfg = Release|x64
		{28421794-137A-4E51-96B3-1972CC5D9945}.Release|x64.Build.0 = Release|x64
		{28421794-137A-4E51-96B3-1972CC5D9945}.Release|x86.ActiveCfg = Release|x86
		{28421794-137A-4E51-96B3-1972CC5D9945}.Release|x86.Build.0 = Release|x86
		{F909EFD6-17DA-4836-9349-17924FB5AC88}.Debug|Any CPU.ActiveCfg = Debug|Any CPU
		{F909EFD6-17DA-4836-9349-17924FB5AC88}.Debug|Any CPU.Build.0 = Debug|Any CPU
		{F909EFD6-17DA-4836-9349-17924FB5AC88}.Debug|Mixed Platforms.ActiveCfg = Debug|Any CPU
		{F909EFD6-17DA-4836-9349-17924FB5AC88}.Debug|Mixed Platforms.Build.0 = Debug|Any CPU
		{F909EFD6-17DA-4836-9349-17924FB5AC88}.Debug|x64.ActiveCfg = Debug|x64
		{F909EFD6-17DA-4836-9349-17924FB5AC88}.Debug|x64.Build.0 = Debug|x64
		{F909EFD6-17DA-4836-9349-17924FB5AC88}.Debug|x86.ActiveCfg = Debug|x86
		{F909EFD6-17DA-4836-9349-17924FB5AC88}.Debug|x86.Build.0 = Debug|x86
		{F909EFD6-17DA-4836-9349-17924FB5AC88}.Release|Any CPU.ActiveCfg = Release|Any CPU
		{F909EFD6-17DA-4836-9349-17924FB5AC88}.Release|Any CPU.Build.0 = Release|Any CPU
		{F909EFD6-17DA-4836-9349-17924FB5AC88}.Release|Mixed Platforms.ActiveCfg = Release|Any CPU
		{F909EFD6-17DA-4836-9349-17924FB5AC88}.Release|Mixed Platforms.Build.0 = Release|Any CPU
		{F909EFD6-17DA-4836-9349-17924FB5AC88}.Release|x64.ActiveCfg = Release|x64
		{F909EFD6-17DA-4836-9349-17924FB5AC88}.Release|x64.Build.0 = Release|x64
		{F909EFD6-17DA-4836-9349-17924FB5AC88}.Release|x86.ActiveCfg = Release|x86
		{F909EFD6-17DA-4836-9349-17924FB5AC88}.Release|x86.Build.0 = Release|x86
		{C85C22C5-260E-47DD-A44B-E59B1DC23099}.Debug|Any CPU.ActiveCfg = Debug|Any CPU
		{C85C22C5-260E-47DD-A44B-E59B1DC23099}.Debug|Any CPU.Build.0 = Debug|Any CPU
		{C85C22C5-260E-47DD-A44B-E59B1DC23099}.Debug|Mixed Platforms.ActiveCfg = Debug|Any CPU
		{C85C22C5-260E-47DD-A44B-E59B1DC23099}.Debug|Mixed Platforms.Build.0 = Debug|Any CPU
		{C85C22C5-260E-47DD-A44B-E59B1DC23099}.Debug|x64.ActiveCfg = Debug|x64
		{C85C22C5-260E-47DD-A44B-E59B1DC23099}.Debug|x64.Build.0 = Debug|x64
		{C85C22C5-260E-47DD-A44B-E59B1DC23099}.Debug|x86.ActiveCfg = Debug|x86
		{C85C22C5-260E-47DD-A44B-E59B1DC23099}.Debug|x86.Build.0 = Debug|x86
		{C85C22C5-260E-47DD-A44B-E59B1DC23099}.Release|Any CPU.ActiveCfg = Release|Any CPU
		{C85C22C5-260E-47DD-A44B-E59B1DC23099}.Release|Any CPU.Build.0 = Release|Any CPU
		{C85C22C5-260E-47DD-A44B-E59B1DC23099}.Release|Mixed Platforms.ActiveCfg = Release|Any CPU
		{C85C22C5-260E-47DD-A44B-E59B1DC23099}.Release|Mixed Platforms.Build.0 = Release|Any CPU
		{C85C22C5-260E-47DD-A44B-E59B1DC23099}.Release|x64.ActiveCfg = Release|x64
		{C85C22C5-260E-47DD-A44B-E59B1DC23099}.Release|x64.Build.0 = Release|x64
		{C85C22C5-260E-47DD-A44B-E59B1DC23099}.Release|x86.ActiveCfg = Release|x86
		{C85C22C5-260E-47DD-A44B-E59B1DC23099}.Release|x86.Build.0 = Release|x86
		{188B1A0D-E65E-4C0C-9EFC-6928B06151FD}.Debug|Any CPU.ActiveCfg = Debug|Any CPU
		{188B1A0D-E65E-4C0C-9EFC-6928B06151FD}.Debug|Any CPU.Build.0 = Debug|Any CPU
		{188B1A0D-E65E-4C0C-9EFC-6928B06151FD}.Debug|Mixed Platforms.ActiveCfg = Debug|Any CPU
		{188B1A0D-E65E-4C0C-9EFC-6928B06151FD}.Debug|Mixed Platforms.Build.0 = Debug|Any CPU
		{188B1A0D-E65E-4C0C-9EFC-6928B06151FD}.Debug|x64.ActiveCfg = Debug|x64
		{188B1A0D-E65E-4C0C-9EFC-6928B06151FD}.Debug|x64.Build.0 = Debug|x64
		{188B1A0D-E65E-4C0C-9EFC-6928B06151FD}.Debug|x86.ActiveCfg = Debug|x86
		{188B1A0D-E65E-4C0C-9EFC-6928B06151FD}.Debug|x86.Build.0 = Debug|x86
		{188B1A0D-E65E-4C0C-9EFC-6928B06151FD}.Release|Any CPU.ActiveCfg = Release|Any CPU
		{188B1A0D-E65E-4C0C-9EFC-6928B06151FD}.Release|Any CPU.Build.0 = Release|Any CPU
		{188B1A0D-E65E-4C0C-9EFC-6928B06151FD}.Release|Mixed Platforms.ActiveCfg = Release|Any CPU
		{188B1A0D-E65E-4C0C-9EFC-6928B06151FD}.Release|Mixed Platforms.Build.0 = Release|Any CPU
		{188B1A0D-E65E-4C0C-9EFC-6928B06151FD}.Release|x64.ActiveCfg = Release|x64
		{188B1A0D-E65E-4C0C-9EFC-6928B06151FD}.Release|x64.Build.0 = Release|x64
		{188B1A0D-E65E-4C0C-9EFC-6928B06151FD}.Release|x86.ActiveCfg = Release|x86
		{188B1A0D-E65E-4C0C-9EFC-6928B06151FD}.Release|x86.Build.0 = Release|x86
		{E9E0687E-E924-4355-9923-6BFA99638D3F}.Debug|Any CPU.ActiveCfg = Debug|Any CPU
		{E9E0687E-E924-4355-9923-6BFA99638D3F}.Debug|Any CPU.Build.0 = Debug|Any CPU
		{E9E0687E-E924-4355-9923-6BFA99638D3F}.Debug|Mixed Platforms.ActiveCfg = Debug|x86
		{E9E0687E-E924-4355-9923-6BFA99638D3F}.Debug|Mixed Platforms.Build.0 = Debug|x86
		{E9E0687E-E924-4355-9923-6BFA99638D3F}.Debug|x64.ActiveCfg = Debug|x64
		{E9E0687E-E924-4355-9923-6BFA99638D3F}.Debug|x64.Build.0 = Debug|x64
		{E9E0687E-E924-4355-9923-6BFA99638D3F}.Debug|x86.ActiveCfg = Debug|x86
		{E9E0687E-E924-4355-9923-6BFA99638D3F}.Debug|x86.Build.0 = Debug|x86
		{E9E0687E-E924-4355-9923-6BFA99638D3F}.Release|Any CPU.ActiveCfg = Release|Any CPU
		{E9E0687E-E924-4355-9923-6BFA99638D3F}.Release|Any CPU.Build.0 = Release|Any CPU
		{E9E0687E-E924-4355-9923-6BFA99638D3F}.Release|Mixed Platforms.ActiveCfg = Release|x86
		{E9E0687E-E924-4355-9923-6BFA99638D3F}.Release|Mixed Platforms.Build.0 = Release|x86
		{E9E0687E-E924-4355-9923-6BFA99638D3F}.Release|x64.ActiveCfg = Release|x64
		{E9E0687E-E924-4355-9923-6BFA99638D3F}.Release|x64.Build.0 = Release|x64
		{E9E0687E-E924-4355-9923-6BFA99638D3F}.Release|x86.ActiveCfg = Release|x86
		{E9E0687E-E924-4355-9923-6BFA99638D3F}.Release|x86.Build.0 = Release|x86
		{C77FE206-A9BE-414A-8A42-78A4C711688A}.Debug|Any CPU.ActiveCfg = Debug|Any CPU
		{C77FE206-A9BE-414A-8A42-78A4C711688A}.Debug|Any CPU.Build.0 = Debug|Any CPU
		{C77FE206-A9BE-414A-8A42-78A4C711688A}.Debug|Mixed Platforms.ActiveCfg = Debug|x86
		{C77FE206-A9BE-414A-8A42-78A4C711688A}.Debug|Mixed Platforms.Build.0 = Debug|x86
		{C77FE206-A9BE-414A-8A42-78A4C711688A}.Debug|x64.ActiveCfg = Debug|x64
		{C77FE206-A9BE-414A-8A42-78A4C711688A}.Debug|x64.Build.0 = Debug|x64
		{C77FE206-A9BE-414A-8A42-78A4C711688A}.Debug|x86.ActiveCfg = Debug|x86
		{C77FE206-A9BE-414A-8A42-78A4C711688A}.Debug|x86.Build.0 = Debug|x86
		{C77FE206-A9BE-414A-8A42-78A4C711688A}.Release|Any CPU.ActiveCfg = Release|Any CPU
		{C77FE206-A9BE-414A-8A42-78A4C711688A}.Release|Any CPU.Build.0 = Release|Any CPU
		{C77FE206-A9BE-414A-8A42-78A4C711688A}.Release|Mixed Platforms.ActiveCfg = Release|x86
		{C77FE206-A9BE-414A-8A42-78A4C711688A}.Release|Mixed Platforms.Build.0 = Release|x86
		{C77FE206-A9BE-414A-8A42-78A4C711688A}.Release|x64.ActiveCfg = Release|x64
		{C77FE206-A9BE-414A-8A42-78A4C711688A}.Release|x64.Build.0 = Release|x64
		{C77FE206-A9BE-414A-8A42-78A4C711688A}.Release|x86.ActiveCfg = Release|x86
		{C77FE206-A9BE-414A-8A42-78A4C711688A}.Release|x86.Build.0 = Release|x86
		{43C0BD8F-0327-498C-BB97-CEF4766B6138}.Debug|Any CPU.ActiveCfg = Debug|Any CPU
		{43C0BD8F-0327-498C-BB97-CEF4766B6138}.Debug|Any CPU.Build.0 = Debug|Any CPU
		{43C0BD8F-0327-498C-BB97-CEF4766B6138}.Debug|Mixed Platforms.ActiveCfg = Debug|x86
		{43C0BD8F-0327-498C-BB97-CEF4766B6138}.Debug|Mixed Platforms.Build.0 = Debug|x86
		{43C0BD8F-0327-498C-BB97-CEF4766B6138}.Debug|x64.ActiveCfg = Debug|x64
		{43C0BD8F-0327-498C-BB97-CEF4766B6138}.Debug|x64.Build.0 = Debug|x64
		{43C0BD8F-0327-498C-BB97-CEF4766B6138}.Debug|x86.ActiveCfg = Debug|x86
		{43C0BD8F-0327-498C-BB97-CEF4766B6138}.Debug|x86.Build.0 = Debug|x86
		{43C0BD8F-0327-498C-BB97-CEF4766B6138}.Release|Any CPU.ActiveCfg = Release|Any CPU
		{43C0BD8F-0327-498C-BB97-CEF4766B6138}.Release|Any CPU.Build.0 = Release|Any CPU
		{43C0BD8F-0327-498C-BB97-CEF4766B6138}.Release|Mixed Platforms.ActiveCfg = Release|x86
		{43C0BD8F-0327-498C-BB97-CEF4766B6138}.Release|Mixed Platforms.Build.0 = Release|x86
		{43C0BD8F-0327-498C-BB97-CEF4766B6138}.Release|x64.ActiveCfg = Release|x64
		{43C0BD8F-0327-498C-BB97-CEF4766B6138}.Release|x64.Build.0 = Release|x64
		{43C0BD8F-0327-498C-BB97-CEF4766B6138}.Release|x86.ActiveCfg = Release|x86
		{43C0BD8F-0327-498C-BB97-CEF4766B6138}.Release|x86.Build.0 = Release|x86
		{900BE393-91A9-4950-B6BB-5DBB3C866EA2}.Debug|Any CPU.ActiveCfg = Debug|Any CPU
		{900BE393-91A9-4950-B6BB-5DBB3C866EA2}.Debug|Any CPU.Build.0 = Debug|Any CPU
		{900BE393-91A9-4950-B6BB-5DBB3C866EA2}.Debug|Mixed Platforms.ActiveCfg = Debug|x86
		{900BE393-91A9-4950-B6BB-5DBB3C866EA2}.Debug|Mixed Platforms.Build.0 = Debug|x86
		{900BE393-91A9-4950-B6BB-5DBB3C866EA2}.Debug|x64.ActiveCfg = Debug|x64
		{900BE393-91A9-4950-B6BB-5DBB3C866EA2}.Debug|x64.Build.0 = Debug|x64
		{900BE393-91A9-4950-B6BB-5DBB3C866EA2}.Debug|x86.ActiveCfg = Debug|x86
		{900BE393-91A9-4950-B6BB-5DBB3C866EA2}.Debug|x86.Build.0 = Debug|x86
		{900BE393-91A9-4950-B6BB-5DBB3C866EA2}.Release|Any CPU.ActiveCfg = Release|Any CPU
		{900BE393-91A9-4950-B6BB-5DBB3C866EA2}.Release|Any CPU.Build.0 = Release|Any CPU
		{900BE393-91A9-4950-B6BB-5DBB3C866EA2}.Release|Mixed Platforms.ActiveCfg = Release|x86
		{900BE393-91A9-4950-B6BB-5DBB3C866EA2}.Release|Mixed Platforms.Build.0 = Release|x86
		{900BE393-91A9-4950-B6BB-5DBB3C866EA2}.Release|x64.ActiveCfg = Release|x64
		{900BE393-91A9-4950-B6BB-5DBB3C866EA2}.Release|x64.Build.0 = Release|x64
		{900BE393-91A9-4950-B6BB-5DBB3C866EA2}.Release|x86.ActiveCfg = Release|x86
		{900BE393-91A9-4950-B6BB-5DBB3C866EA2}.Release|x86.Build.0 = Release|x86
		{91966698-B67E-407C-8E2B-B3BFA9EA6B31}.Debug|Any CPU.ActiveCfg = Debug|Any CPU
		{91966698-B67E-407C-8E2B-B3BFA9EA6B31}.Debug|Any CPU.Build.0 = Debug|Any CPU
		{91966698-B67E-407C-8E2B-B3BFA9EA6B31}.Debug|Mixed Platforms.ActiveCfg = Debug|x86
		{91966698-B67E-407C-8E2B-B3BFA9EA6B31}.Debug|Mixed Platforms.Build.0 = Debug|x86
		{91966698-B67E-407C-8E2B-B3BFA9EA6B31}.Debug|x64.ActiveCfg = Debug|x64
		{91966698-B67E-407C-8E2B-B3BFA9EA6B31}.Debug|x64.Build.0 = Debug|x64
		{91966698-B67E-407C-8E2B-B3BFA9EA6B31}.Debug|x86.ActiveCfg = Debug|x86
		{91966698-B67E-407C-8E2B-B3BFA9EA6B31}.Debug|x86.Build.0 = Debug|x86
		{91966698-B67E-407C-8E2B-B3BFA9EA6B31}.Release|Any CPU.ActiveCfg = Release|Any CPU
		{91966698-B67E-407C-8E2B-B3BFA9EA6B31}.Release|Any CPU.Build.0 = Release|Any CPU
		{91966698-B67E-407C-8E2B-B3BFA9EA6B31}.Release|Mixed Platforms.ActiveCfg = Release|x86
		{91966698-B67E-407C-8E2B-B3BFA9EA6B31}.Release|Mixed Platforms.Build.0 = Release|x86
		{91966698-B67E-407C-8E2B-B3BFA9EA6B31}.Release|x64.ActiveCfg = Release|x64
		{91966698-B67E-407C-8E2B-B3BFA9EA6B31}.Release|x64.Build.0 = Release|x64
		{91966698-B67E-407C-8E2B-B3BFA9EA6B31}.Release|x86.ActiveCfg = Release|x86
		{91966698-B67E-407C-8E2B-B3BFA9EA6B31}.Release|x86.Build.0 = Release|x86
		{B4200F36-10E3-4DCB-A923-0D7B005E5B32}.Debug|Any CPU.ActiveCfg = Debug|Any CPU
		{B4200F36-10E3-4DCB-A923-0D7B005E5B32}.Debug|Any CPU.Build.0 = Debug|Any CPU
		{B4200F36-10E3-4DCB-A923-0D7B005E5B32}.Debug|Mixed Platforms.ActiveCfg = Debug|x86
		{B4200F36-10E3-4DCB-A923-0D7B005E5B32}.Debug|Mixed Platforms.Build.0 = Debug|x86
		{B4200F36-10E3-4DCB-A923-0D7B005E5B32}.Debug|x64.ActiveCfg = Debug|x64
		{B4200F36-10E3-4DCB-A923-0D7B005E5B32}.Debug|x64.Build.0 = Debug|x64
		{B4200F36-10E3-4DCB-A923-0D7B005E5B32}.Debug|x86.ActiveCfg = Debug|x86
		{B4200F36-10E3-4DCB-A923-0D7B005E5B32}.Debug|x86.Build.0 = Debug|x86
		{B4200F36-10E3-4DCB-A923-0D7B005E5B32}.Release|Any CPU.ActiveCfg = Release|Any CPU
		{B4200F36-10E3-4DCB-A923-0D7B005E5B32}.Release|Any CPU.Build.0 = Release|Any CPU
		{B4200F36-10E3-4DCB-A923-0D7B005E5B32}.Release|Mixed Platforms.ActiveCfg = Release|x86
		{B4200F36-10E3-4DCB-A923-0D7B005E5B32}.Release|Mixed Platforms.Build.0 = Release|x86
		{B4200F36-10E3-4DCB-A923-0D7B005E5B32}.Release|x64.ActiveCfg = Release|x64
		{B4200F36-10E3-4DCB-A923-0D7B005E5B32}.Release|x64.Build.0 = Release|x64
		{B4200F36-10E3-4DCB-A923-0D7B005E5B32}.Release|x86.ActiveCfg = Release|x86
		{B4200F36-10E3-4DCB-A923-0D7B005E5B32}.Release|x86.Build.0 = Release|x86
	EndGlobalSection
	GlobalSection(SolutionProperties) = preSolution
		HideSolutionNode = FALSE
	EndGlobalSection
	GlobalSection(NestedProjects) = preSolution
		{35CF2509-FF9A-43DB-B4FD-A46225D2AC41} = {206061A2-9AE5-4EC6-BDEC-1AD54046619F}
		{50171F06-A01D-4D6F-ADFB-B7A11B27D125} = {206061A2-9AE5-4EC6-BDEC-1AD54046619F}
		{991CE2B9-9AE4-4F1E-9EB8-849E894349C0} = {A761AE19-6471-4115-B207-ECAA54374848}
		{28421794-137A-4E51-96B3-1972CC5D9945} = {A761AE19-6471-4115-B207-ECAA54374848}
		{F909EFD6-17DA-4836-9349-17924FB5AC88} = {A761AE19-6471-4115-B207-ECAA54374848}
		{C85C22C5-260E-47DD-A44B-E59B1DC23099} = {A761AE19-6471-4115-B207-ECAA54374848}
		{188B1A0D-E65E-4C0C-9EFC-6928B06151FD} = {A761AE19-6471-4115-B207-ECAA54374848}
		{900BE393-91A9-4950-B6BB-5DBB3C866EA2} = {206061A2-9AE5-4EC6-BDEC-1AD54046619F}
		{91966698-B67E-407C-8E2B-B3BFA9EA6B31} = {206061A2-9AE5-4EC6-BDEC-1AD54046619F}
		{B4200F36-10E3-4DCB-A923-0D7B005E5B32} = {206061A2-9AE5-4EC6-BDEC-1AD54046619F}
	EndGlobalSection
	GlobalSection(ExtensibilityGlobals) = postSolution
		SolutionGuid = {DA88FE05-4F86-4C32-A727-F66E5299C3AA}
	EndGlobalSection
EndGlobal
